// !$*UTF8*$!
{
	archiveVersion = 1;
	classes = {
	};
	objectVersion = 46;
	objects = {

/* Begin PBXBuildFile section */
		B0194E3F1F06EC78001FDB19 /* BaseRouterManager.swift in Sources */ = {isa = PBXBuildFile; fileRef = B0194E3E1F06EC78001FDB19 /* BaseRouterManager.swift */; };
		B0194E411F06EC9A001FDB19 /* RouterManager.swift in Sources */ = {isa = PBXBuildFile; fileRef = B0194E401F06EC9A001FDB19 /* RouterManager.swift */; };
		B0194E431F06FBE6001FDB19 /* ApiManagerMoviesExtension.swift in Sources */ = {isa = PBXBuildFile; fileRef = B0194E421F06FBE6001FDB19 /* ApiManagerMoviesExtension.swift */; };
		B0194E451F083699001FDB19 /* GenreRouter.swift in Sources */ = {isa = PBXBuildFile; fileRef = B0194E441F083699001FDB19 /* GenreRouter.swift */; };
		B0194E471F08375F001FDB19 /* ApiManagerGenreExtension.swift in Sources */ = {isa = PBXBuildFile; fileRef = B0194E461F08375F001FDB19 /* ApiManagerGenreExtension.swift */; };
		B0194E491F084008001FDB19 /* ShareUtils.swift in Sources */ = {isa = PBXBuildFile; fileRef = B0194E481F084008001FDB19 /* ShareUtils.swift */; };
		B01C2FBA1F0D5DD000A2C820 /* UIColorExtension.swift in Sources */ = {isa = PBXBuildFile; fileRef = B01C2FB91F0D5DD000A2C820 /* UIColorExtension.swift */; };
		B02734821F0697B7009020EF /* ImageViewUtils.swift in Sources */ = {isa = PBXBuildFile; fileRef = B02734811F0697B7009020EF /* ImageViewUtils.swift */; };
		B07FCAC71EFF001000484344 /* ApiManager.swift in Sources */ = {isa = PBXBuildFile; fileRef = B07FCAC61EFF000F00484344 /* ApiManager.swift */; };
		B07FCAC91EFF00AB00484344 /* Constants.swift in Sources */ = {isa = PBXBuildFile; fileRef = B07FCAC81EFF00AB00484344 /* Constants.swift */; };
		B07FCACC1EFF040C00484344 /* BaseResponse.swift in Sources */ = {isa = PBXBuildFile; fileRef = B07FCACB1EFF040C00484344 /* BaseResponse.swift */; };
		B07FCAD01EFF04D700484344 /* Movie.swift in Sources */ = {isa = PBXBuildFile; fileRef = B07FCACF1EFF04D700484344 /* Movie.swift */; };
		B07FCAD31EFF199600484344 /* ContentDetailViewController.swift in Sources */ = {isa = PBXBuildFile; fileRef = B07FCAD21EFF199600484344 /* ContentDetailViewController.swift */; };
		B081F7381F028C29009124FC /* ContentDetailPresenter.swift in Sources */ = {isa = PBXBuildFile; fileRef = B081F7371F028C29009124FC /* ContentDetailPresenter.swift */; };
		B081F73A1F029096009124FC /* Video.swift in Sources */ = {isa = PBXBuildFile; fileRef = B081F7391F029096009124FC /* Video.swift */; };
		B081F73E1F02BC25009124FC /* Genre.swift in Sources */ = {isa = PBXBuildFile; fileRef = B081F73D1F02BC25009124FC /* Genre.swift */; };
		B081F7401F02BCFF009124FC /* GenreReport.swift in Sources */ = {isa = PBXBuildFile; fileRef = B081F73F1F02BCFF009124FC /* GenreReport.swift */; };
		B081F7431F02BF46009124FC /* RandomChooserViewController.swift in Sources */ = {isa = PBXBuildFile; fileRef = B081F7421F02BF46009124FC /* RandomChooserViewController.swift */; };
		B081F7451F02BFAB009124FC /* RandomChooserPresenter.swift in Sources */ = {isa = PBXBuildFile; fileRef = B081F7441F02BFAB009124FC /* RandomChooserPresenter.swift */; };
		B081F7471F02C4D5009124FC /* UILoadingView.swift in Sources */ = {isa = PBXBuildFile; fileRef = B081F7461F02C4D5009124FC /* UILoadingView.swift */; };
		B081F74E1F02FBFF009124FC /* GenreCell.swift in Sources */ = {isa = PBXBuildFile; fileRef = B081F74D1F02FBFF009124FC /* GenreCell.swift */; };
		B081F7531F030F55009124FC /* GenreCell.xib in Resources */ = {isa = PBXBuildFile; fileRef = B081F7521F030F55009124FC /* GenreCell.xib */; };
		B09D409B1F04409500F2A546 /* Router.swift in Sources */ = {isa = PBXBuildFile; fileRef = B09D409A1F04409500F2A546 /* Router.swift */; };
		B09D409D1F0440F100F2A546 /* MoviesRouter.swift in Sources */ = {isa = PBXBuildFile; fileRef = B09D409C1F0440F100F2A546 /* MoviesRouter.swift */; };
		B09E91E31F04107400757ED0 /* RandomChooserView.swift in Sources */ = {isa = PBXBuildFile; fileRef = B09E91E21F04107400757ED0 /* RandomChooserView.swift */; };
		B09E91E51F0410B300757ED0 /* ContentDetailView.swift in Sources */ = {isa = PBXBuildFile; fileRef = B09E91E41F0410B300757ED0 /* ContentDetailView.swift */; };
		B09E91E71F0410D400757ED0 /* HomeView.swift in Sources */ = {isa = PBXBuildFile; fileRef = B09E91E61F0410D400757ED0 /* HomeView.swift */; };
		B09E91E91F0410E900757ED0 /* MovieChooserView.swift in Sources */ = {isa = PBXBuildFile; fileRef = B09E91E81F0410E900757ED0 /* MovieChooserView.swift */; };
		B0C5AFC11F03EA7200132D45 /* MovieChooserViewController.swift in Sources */ = {isa = PBXBuildFile; fileRef = B0C5AFC01F03EA7200132D45 /* MovieChooserViewController.swift */; };
		B0C5AFC31F03EA8C00132D45 /* MovieChooserPresenter.swift in Sources */ = {isa = PBXBuildFile; fileRef = B0C5AFC21F03EA8C00132D45 /* MovieChooserPresenter.swift */; };
		D14112EAA02E87CA15353723 /* Pods_moviedb.framework in Frameworks */ = {isa = PBXBuildFile; fileRef = 6F213F07A917D842A359E5BE /* Pods_moviedb.framework */; };
		E530EE6F1F0AC07C00FAE56C /* CoreData.framework in Frameworks */ = {isa = PBXBuildFile; fileRef = E530EE6E1F0AC07C00FAE56C /* CoreData.framework */; };
		E530EE751F0AC21600FAE56C /* moviedb.xcdatamodeld in Sources */ = {isa = PBXBuildFile; fileRef = E530EE731F0AC21600FAE56C /* moviedb.xcdatamodeld */; };
		E530EE771F0ACF7A00FAE56C /* FavViewController.swift in Sources */ = {isa = PBXBuildFile; fileRef = E530EE761F0ACF7A00FAE56C /* FavViewController.swift */; };
		E530EE791F0ACFC900FAE56C /* FavPresenter.swift in Sources */ = {isa = PBXBuildFile; fileRef = E530EE781F0ACFC900FAE56C /* FavPresenter.swift */; };
		E530EE7B1F0AD3A300FAE56C /* FavView.swift in Sources */ = {isa = PBXBuildFile; fileRef = E530EE7A1F0AD3A300FAE56C /* FavView.swift */; };
		E53526A21EF1C33300AE911A /* AppDelegate.swift in Sources */ = {isa = PBXBuildFile; fileRef = E53526A11EF1C33300AE911A /* AppDelegate.swift */; };
		E53526A71EF1C33300AE911A /* Main.storyboard in Resources */ = {isa = PBXBuildFile; fileRef = E53526A51EF1C33300AE911A /* Main.storyboard */; };
		E53526A91EF1C33300AE911A /* Assets.xcassets in Resources */ = {isa = PBXBuildFile; fileRef = E53526A81EF1C33300AE911A /* Assets.xcassets */; };
		E53526AC1EF1C33300AE911A /* LaunchScreen.storyboard in Resources */ = {isa = PBXBuildFile; fileRef = E53526AA1EF1C33300AE911A /* LaunchScreen.storyboard */; };
		E53526B71EF1C33300AE911A /* moviedbTests.swift in Sources */ = {isa = PBXBuildFile; fileRef = E53526B61EF1C33300AE911A /* moviedbTests.swift */; };
		E53526C21EF1C33300AE911A /* moviedbUITests.swift in Sources */ = {isa = PBXBuildFile; fileRef = E53526C11EF1C33300AE911A /* moviedbUITests.swift */; };
		E55317EE1EF9ADDC00CEEFD6 /* HomePresenter.swift in Sources */ = {isa = PBXBuildFile; fileRef = E55317ED1EF9ADDC00CEEFD6 /* HomePresenter.swift */; };
		E555FB641EF1CA9700016D0F /* HomeViewController.swift in Sources */ = {isa = PBXBuildFile; fileRef = E555FB631EF1CA9700016D0F /* HomeViewController.swift */; };
		E555FB671EF1CDD400016D0F /* MessageHandler.swift in Sources */ = {isa = PBXBuildFile; fileRef = E555FB661EF1CDD400016D0F /* MessageHandler.swift */; };
		E5B0C2561F01BED7008B5E46 /* ContentCell.xib in Resources */ = {isa = PBXBuildFile; fileRef = E5B0C2551F01BED7008B5E46 /* ContentCell.xib */; };
		E5B0C2581F01BF86008B5E46 /* ContentCell.swift in Sources */ = {isa = PBXBuildFile; fileRef = E5B0C2571F01BF86008B5E46 /* ContentCell.swift */; };
		E5F38A371F0B04B7006A2272 /* FavCell.swift in Sources */ = {isa = PBXBuildFile; fileRef = E5F38A351F0B04B7006A2272 /* FavCell.swift */; };
		E5F38A381F0B04B7006A2272 /* FavCell.xib in Resources */ = {isa = PBXBuildFile; fileRef = E5F38A361F0B04B7006A2272 /* FavCell.xib */; };
/* End PBXBuildFile section */

/* Begin PBXContainerItemProxy section */
		E53526B31EF1C33300AE911A /* PBXContainerItemProxy */ = {
			isa = PBXContainerItemProxy;
			containerPortal = E53526961EF1C33300AE911A /* Project object */;
			proxyType = 1;
			remoteGlobalIDString = E535269D1EF1C33300AE911A;
			remoteInfo = moviedb;
		};
		E53526BE1EF1C33300AE911A /* PBXContainerItemProxy */ = {
			isa = PBXContainerItemProxy;
			containerPortal = E53526961EF1C33300AE911A /* Project object */;
			proxyType = 1;
			remoteGlobalIDString = E535269D1EF1C33300AE911A;
			remoteInfo = moviedb;
		};
/* End PBXContainerItemProxy section */

/* Begin PBXFileReference section */
		6F213F07A917D842A359E5BE /* Pods_moviedb.framework */ = {isa = PBXFileReference; explicitFileType = wrapper.framework; includeInIndex = 0; path = Pods_moviedb.framework; sourceTree = BUILT_PRODUCTS_DIR; };
		90AFE19B0318BDC7EF1C18AC /* Pods-moviedb.release.xcconfig */ = {isa = PBXFileReference; includeInIndex = 1; lastKnownFileType = text.xcconfig; name = "Pods-moviedb.release.xcconfig"; path = "Pods/Target Support Files/Pods-moviedb/Pods-moviedb.release.xcconfig"; sourceTree = "<group>"; };
		B0194E3E1F06EC78001FDB19 /* BaseRouterManager.swift */ = {isa = PBXFileReference; fileEncoding = 4; lastKnownFileType = sourcecode.swift; path = BaseRouterManager.swift; sourceTree = "<group>"; };
		B0194E401F06EC9A001FDB19 /* RouterManager.swift */ = {isa = PBXFileReference; fileEncoding = 4; lastKnownFileType = sourcecode.swift; path = RouterManager.swift; sourceTree = "<group>"; };
		B0194E421F06FBE6001FDB19 /* ApiManagerMoviesExtension.swift */ = {isa = PBXFileReference; fileEncoding = 4; lastKnownFileType = sourcecode.swift; path = ApiManagerMoviesExtension.swift; sourceTree = "<group>"; };
		B0194E441F083699001FDB19 /* GenreRouter.swift */ = {isa = PBXFileReference; fileEncoding = 4; lastKnownFileType = sourcecode.swift; path = GenreRouter.swift; sourceTree = "<group>"; };
		B0194E461F08375F001FDB19 /* ApiManagerGenreExtension.swift */ = {isa = PBXFileReference; fileEncoding = 4; lastKnownFileType = sourcecode.swift; path = ApiManagerGenreExtension.swift; sourceTree = "<group>"; };
		B0194E481F084008001FDB19 /* ShareUtils.swift */ = {isa = PBXFileReference; fileEncoding = 4; lastKnownFileType = sourcecode.swift; path = ShareUtils.swift; sourceTree = "<group>"; };
		B01C2FB91F0D5DD000A2C820 /* UIColorExtension.swift */ = {isa = PBXFileReference; fileEncoding = 4; lastKnownFileType = sourcecode.swift; path = UIColorExtension.swift; sourceTree = "<group>"; };
		B02734811F0697B7009020EF /* ImageViewUtils.swift */ = {isa = PBXFileReference; fileEncoding = 4; lastKnownFileType = sourcecode.swift; path = ImageViewUtils.swift; sourceTree = "<group>"; };
		B07FCAC61EFF000F00484344 /* ApiManager.swift */ = {isa = PBXFileReference; fileEncoding = 4; lastKnownFileType = sourcecode.swift; path = ApiManager.swift; sourceTree = "<group>"; };
		B07FCAC81EFF00AB00484344 /* Constants.swift */ = {isa = PBXFileReference; fileEncoding = 4; lastKnownFileType = sourcecode.swift; path = Constants.swift; sourceTree = "<group>"; };
		B07FCACB1EFF040C00484344 /* BaseResponse.swift */ = {isa = PBXFileReference; fileEncoding = 4; lastKnownFileType = sourcecode.swift; path = BaseResponse.swift; sourceTree = "<group>"; };
		B07FCACF1EFF04D700484344 /* Movie.swift */ = {isa = PBXFileReference; fileEncoding = 4; lastKnownFileType = sourcecode.swift; path = Movie.swift; sourceTree = "<group>"; };
		B07FCAD21EFF199600484344 /* ContentDetailViewController.swift */ = {isa = PBXFileReference; fileEncoding = 4; lastKnownFileType = sourcecode.swift; path = ContentDetailViewController.swift; sourceTree = "<group>"; };
		B081F7371F028C29009124FC /* ContentDetailPresenter.swift */ = {isa = PBXFileReference; fileEncoding = 4; lastKnownFileType = sourcecode.swift; path = ContentDetailPresenter.swift; sourceTree = "<group>"; };
		B081F7391F029096009124FC /* Video.swift */ = {isa = PBXFileReference; fileEncoding = 4; lastKnownFileType = sourcecode.swift; path = Video.swift; sourceTree = "<group>"; };
		B081F73D1F02BC25009124FC /* Genre.swift */ = {isa = PBXFileReference; fileEncoding = 4; lastKnownFileType = sourcecode.swift; path = Genre.swift; sourceTree = "<group>"; };
		B081F73F1F02BCFF009124FC /* GenreReport.swift */ = {isa = PBXFileReference; fileEncoding = 4; lastKnownFileType = sourcecode.swift; path = GenreReport.swift; sourceTree = "<group>"; };
		B081F7421F02BF46009124FC /* RandomChooserViewController.swift */ = {isa = PBXFileReference; fileEncoding = 4; lastKnownFileType = sourcecode.swift; path = RandomChooserViewController.swift; sourceTree = "<group>"; };
		B081F7441F02BFAB009124FC /* RandomChooserPresenter.swift */ = {isa = PBXFileReference; fileEncoding = 4; lastKnownFileType = sourcecode.swift; path = RandomChooserPresenter.swift; sourceTree = "<group>"; };
		B081F7461F02C4D5009124FC /* UILoadingView.swift */ = {isa = PBXFileReference; fileEncoding = 4; lastKnownFileType = sourcecode.swift; path = UILoadingView.swift; sourceTree = "<group>"; };
		B081F74D1F02FBFF009124FC /* GenreCell.swift */ = {isa = PBXFileReference; fileEncoding = 4; lastKnownFileType = sourcecode.swift; path = GenreCell.swift; sourceTree = "<group>"; };
		B081F7521F030F55009124FC /* GenreCell.xib */ = {isa = PBXFileReference; fileEncoding = 4; lastKnownFileType = file.xib; path = GenreCell.xib; sourceTree = "<group>"; };
		B09D409A1F04409500F2A546 /* Router.swift */ = {isa = PBXFileReference; fileEncoding = 4; lastKnownFileType = sourcecode.swift; path = Router.swift; sourceTree = "<group>"; };
		B09D409C1F0440F100F2A546 /* MoviesRouter.swift */ = {isa = PBXFileReference; fileEncoding = 4; lastKnownFileType = sourcecode.swift; path = MoviesRouter.swift; sourceTree = "<group>"; };
		B09E91E21F04107400757ED0 /* RandomChooserView.swift */ = {isa = PBXFileReference; fileEncoding = 4; lastKnownFileType = sourcecode.swift; path = RandomChooserView.swift; sourceTree = "<group>"; };
		B09E91E41F0410B300757ED0 /* ContentDetailView.swift */ = {isa = PBXFileReference; fileEncoding = 4; lastKnownFileType = sourcecode.swift; path = ContentDetailView.swift; sourceTree = "<group>"; };
		B09E91E61F0410D400757ED0 /* HomeView.swift */ = {isa = PBXFileReference; fileEncoding = 4; lastKnownFileType = sourcecode.swift; path = HomeView.swift; sourceTree = "<group>"; };
		B09E91E81F0410E900757ED0 /* MovieChooserView.swift */ = {isa = PBXFileReference; fileEncoding = 4; lastKnownFileType = sourcecode.swift; path = MovieChooserView.swift; sourceTree = "<group>"; };
		B0C5AFC01F03EA7200132D45 /* MovieChooserViewController.swift */ = {isa = PBXFileReference; fileEncoding = 4; lastKnownFileType = sourcecode.swift; path = MovieChooserViewController.swift; sourceTree = "<group>"; };
		B0C5AFC21F03EA8C00132D45 /* MovieChooserPresenter.swift */ = {isa = PBXFileReference; fileEncoding = 4; lastKnownFileType = sourcecode.swift; path = MovieChooserPresenter.swift; sourceTree = "<group>"; };
		B68F6D8F731C3D655A610BF2 /* Pods-moviedb.debug.xcconfig */ = {isa = PBXFileReference; includeInIndex = 1; lastKnownFileType = text.xcconfig; name = "Pods-moviedb.debug.xcconfig"; path = "Pods/Target Support Files/Pods-moviedb/Pods-moviedb.debug.xcconfig"; sourceTree = "<group>"; };
		E530EE6E1F0AC07C00FAE56C /* CoreData.framework */ = {isa = PBXFileReference; lastKnownFileType = wrapper.framework; name = CoreData.framework; path = System/Library/Frameworks/CoreData.framework; sourceTree = SDKROOT; };
		E530EE741F0AC21600FAE56C /* moviedb.xcdatamodel */ = {isa = PBXFileReference; lastKnownFileType = wrapper.xcdatamodel; path = moviedb.xcdatamodel; sourceTree = "<group>"; };
		E530EE761F0ACF7A00FAE56C /* FavViewController.swift */ = {isa = PBXFileReference; fileEncoding = 4; lastKnownFileType = sourcecode.swift; path = FavViewController.swift; sourceTree = "<group>"; };
		E530EE781F0ACFC900FAE56C /* FavPresenter.swift */ = {isa = PBXFileReference; fileEncoding = 4; lastKnownFileType = sourcecode.swift; path = FavPresenter.swift; sourceTree = "<group>"; };
		E530EE7A1F0AD3A300FAE56C /* FavView.swift */ = {isa = PBXFileReference; fileEncoding = 4; lastKnownFileType = sourcecode.swift; path = FavView.swift; sourceTree = "<group>"; };
		E535269E1EF1C33300AE911A /* moviedb.app */ = {isa = PBXFileReference; explicitFileType = wrapper.application; includeInIndex = 0; path = moviedb.app; sourceTree = BUILT_PRODUCTS_DIR; };
		E53526A11EF1C33300AE911A /* AppDelegate.swift */ = {isa = PBXFileReference; lastKnownFileType = sourcecode.swift; path = AppDelegate.swift; sourceTree = "<group>"; };
		E53526A61EF1C33300AE911A /* Base */ = {isa = PBXFileReference; lastKnownFileType = file.storyboard; name = Base; path = Base.lproj/Main.storyboard; sourceTree = "<group>"; };
		E53526A81EF1C33300AE911A /* Assets.xcassets */ = {isa = PBXFileReference; lastKnownFileType = folder.assetcatalog; path = Assets.xcassets; sourceTree = "<group>"; };
		E53526AB1EF1C33300AE911A /* Base */ = {isa = PBXFileReference; lastKnownFileType = file.storyboard; name = Base; path = Base.lproj/LaunchScreen.storyboard; sourceTree = "<group>"; };
		E53526AD1EF1C33300AE911A /* Info.plist */ = {isa = PBXFileReference; lastKnownFileType = text.plist.xml; path = Info.plist; sourceTree = "<group>"; };
		E53526B21EF1C33300AE911A /* moviedbTests.xctest */ = {isa = PBXFileReference; explicitFileType = wrapper.cfbundle; includeInIndex = 0; path = moviedbTests.xctest; sourceTree = BUILT_PRODUCTS_DIR; };
		E53526B61EF1C33300AE911A /* moviedbTests.swift */ = {isa = PBXFileReference; lastKnownFileType = sourcecode.swift; path = moviedbTests.swift; sourceTree = "<group>"; };
		E53526B81EF1C33300AE911A /* Info.plist */ = {isa = PBXFileReference; lastKnownFileType = text.plist.xml; path = Info.plist; sourceTree = "<group>"; };
		E53526BD1EF1C33300AE911A /* moviedbUITests.xctest */ = {isa = PBXFileReference; explicitFileType = wrapper.cfbundle; includeInIndex = 0; path = moviedbUITests.xctest; sourceTree = BUILT_PRODUCTS_DIR; };
		E53526C11EF1C33300AE911A /* moviedbUITests.swift */ = {isa = PBXFileReference; lastKnownFileType = sourcecode.swift; path = moviedbUITests.swift; sourceTree = "<group>"; };
		E53526C31EF1C33300AE911A /* Info.plist */ = {isa = PBXFileReference; lastKnownFileType = text.plist.xml; path = Info.plist; sourceTree = "<group>"; };
		E55317ED1EF9ADDC00CEEFD6 /* HomePresenter.swift */ = {isa = PBXFileReference; fileEncoding = 4; lastKnownFileType = sourcecode.swift; path = HomePresenter.swift; sourceTree = "<group>"; };
		E555FB631EF1CA9700016D0F /* HomeViewController.swift */ = {isa = PBXFileReference; fileEncoding = 4; lastKnownFileType = sourcecode.swift; path = HomeViewController.swift; sourceTree = "<group>"; };
		E555FB661EF1CDD400016D0F /* MessageHandler.swift */ = {isa = PBXFileReference; fileEncoding = 4; lastKnownFileType = sourcecode.swift; path = MessageHandler.swift; sourceTree = "<group>"; };
		E58855751F0C888500C252A4 /* moviedb 2.xcdatamodel */ = {isa = PBXFileReference; lastKnownFileType = wrapper.xcdatamodel; path = "moviedb 2.xcdatamodel"; sourceTree = "<group>"; };
		E5B0C2551F01BED7008B5E46 /* ContentCell.xib */ = {isa = PBXFileReference; fileEncoding = 4; lastKnownFileType = file.xib; path = ContentCell.xib; sourceTree = "<group>"; };
		E5B0C2571F01BF86008B5E46 /* ContentCell.swift */ = {isa = PBXFileReference; fileEncoding = 4; lastKnownFileType = sourcecode.swift; path = ContentCell.swift; sourceTree = "<group>"; };
		E5F38A351F0B04B7006A2272 /* FavCell.swift */ = {isa = PBXFileReference; fileEncoding = 4; lastKnownFileType = sourcecode.swift; path = FavCell.swift; sourceTree = "<group>"; };
		E5F38A361F0B04B7006A2272 /* FavCell.xib */ = {isa = PBXFileReference; fileEncoding = 4; lastKnownFileType = file.xib; path = FavCell.xib; sourceTree = "<group>"; };
/* End PBXFileReference section */

/* Begin PBXFrameworksBuildPhase section */
		E535269B1EF1C33300AE911A /* Frameworks */ = {
			isa = PBXFrameworksBuildPhase;
			buildActionMask = 2147483647;
			files = (
				E530EE6F1F0AC07C00FAE56C /* CoreData.framework in Frameworks */,
				D14112EAA02E87CA15353723 /* Pods_moviedb.framework in Frameworks */,
			);
			runOnlyForDeploymentPostprocessing = 0;
		};
		E53526AF1EF1C33300AE911A /* Frameworks */ = {
			isa = PBXFrameworksBuildPhase;
			buildActionMask = 2147483647;
			files = (
			);
			runOnlyForDeploymentPostprocessing = 0;
		};
		E53526BA1EF1C33300AE911A /* Frameworks */ = {
			isa = PBXFrameworksBuildPhase;
			buildActionMask = 2147483647;
			files = (
			);
			runOnlyForDeploymentPostprocessing = 0;
		};
/* End PBXFrameworksBuildPhase section */

/* Begin PBXGroup section */
		583F7D30805ED8001CDF223F /* Pods */ = {
			isa = PBXGroup;
			children = (
				B68F6D8F731C3D655A610BF2 /* Pods-moviedb.debug.xcconfig */,
				90AFE19B0318BDC7EF1C18AC /* Pods-moviedb.release.xcconfig */,
			);
			name = Pods;
			sourceTree = "<group>";
		};
		B01C2FB81F0D5D9A00A2C820 /* Extensions */ = {
			isa = PBXGroup;
			children = (
				B01C2FB91F0D5DD000A2C820 /* UIColorExtension.swift */,
			);
			name = Extensions;
			sourceTree = "<group>";
		};
		B07FCACA1EFF03F500484344 /* Models */ = {
			isa = PBXGroup;
			children = (
				B07FCACB1EFF040C00484344 /* BaseResponse.swift */,
				B07FCACF1EFF04D700484344 /* Movie.swift */,
				B081F7391F029096009124FC /* Video.swift */,
				B081F73D1F02BC25009124FC /* Genre.swift */,
				B081F73F1F02BCFF009124FC /* GenreReport.swift */,
			);
			name = Models;
			sourceTree = "<group>";
		};
		B09D40991F04406200F2A546 /* Routers */ = {
			isa = PBXGroup;
			children = (
				B09D409A1F04409500F2A546 /* Router.swift */,
				B09D409C1F0440F100F2A546 /* MoviesRouter.swift */,
				B0194E3E1F06EC78001FDB19 /* BaseRouterManager.swift */,
				B0194E401F06EC9A001FDB19 /* RouterManager.swift */,
				B0194E441F083699001FDB19 /* GenreRouter.swift */,
			);
			name = Routers;
			sourceTree = "<group>";
		};
		B09E91DE1F040E2A00757ED0 /* ViewControllers */ = {
			isa = PBXGroup;
			children = (
				B0C5AFC01F03EA7200132D45 /* MovieChooserViewController.swift */,
				B07FCAD21EFF199600484344 /* ContentDetailViewController.swift */,
				E555FB631EF1CA9700016D0F /* HomeViewController.swift */,
				B081F7421F02BF46009124FC /* RandomChooserViewController.swift */,
				E530EE761F0ACF7A00FAE56C /* FavViewController.swift */,
			);
			name = ViewControllers;
			sourceTree = "<group>";
		};
		B09E91DF1F04101700757ED0 /* Presenters */ = {
			isa = PBXGroup;
			children = (
				B081F7441F02BFAB009124FC /* RandomChooserPresenter.swift */,
				B081F7371F028C29009124FC /* ContentDetailPresenter.swift */,
				E55317ED1EF9ADDC00CEEFD6 /* HomePresenter.swift */,
				B0C5AFC21F03EA8C00132D45 /* MovieChooserPresenter.swift */,
				E530EE781F0ACFC900FAE56C /* FavPresenter.swift */,
			);
			name = Presenters;
			sourceTree = "<group>";
		};
		B09E91E01F04105400757ED0 /* Views */ = {
			isa = PBXGroup;
			children = (
				B09E91EA1F04115A00757ED0 /* Cells */,
				B09E91E11F04105D00757ED0 /* ProtocolViews */,
			);
			name = Views;
			sourceTree = "<group>";
		};
		B09E91E11F04105D00757ED0 /* ProtocolViews */ = {
			isa = PBXGroup;
			children = (
				B09E91E21F04107400757ED0 /* RandomChooserView.swift */,
				B09E91E41F0410B300757ED0 /* ContentDetailView.swift */,
				B09E91E61F0410D400757ED0 /* HomeView.swift */,
				B09E91E81F0410E900757ED0 /* MovieChooserView.swift */,
				E530EE7A1F0AD3A300FAE56C /* FavView.swift */,
			);
			name = ProtocolViews;
			sourceTree = "<group>";
		};
		B09E91EA1F04115A00757ED0 /* Cells */ = {
			isa = PBXGroup;
			children = (
				E5B0C2571F01BF86008B5E46 /* ContentCell.swift */,
				B081F74D1F02FBFF009124FC /* GenreCell.swift */,
				E5F38A351F0B04B7006A2272 /* FavCell.swift */,
			);
			name = Cells;
			sourceTree = "<group>";
		};
		E1148863286DA27AD1E325E8 /* Frameworks */ = {
			isa = PBXGroup;
			children = (
				E530EE6E1F0AC07C00FAE56C /* CoreData.framework */,
				6F213F07A917D842A359E5BE /* Pods_moviedb.framework */,
			);
			name = Frameworks;
			sourceTree = "<group>";
		};
		E53526951EF1C33300AE911A = {
			isa = PBXGroup;
			children = (
				E53526A01EF1C33300AE911A /* moviedb */,
				E53526B51EF1C33300AE911A /* moviedbTests */,
				E53526C01EF1C33300AE911A /* moviedbUITests */,
				E535269F1EF1C33300AE911A /* Products */,
				583F7D30805ED8001CDF223F /* Pods */,
				E1148863286DA27AD1E325E8 /* Frameworks */,
			);
			sourceTree = "<group>";
		};
		E535269F1EF1C33300AE911A /* Products */ = {
			isa = PBXGroup;
			children = (
				E535269E1EF1C33300AE911A /* moviedb.app */,
				E53526B21EF1C33300AE911A /* moviedbTests.xctest */,
				E53526BD1EF1C33300AE911A /* moviedbUITests.xctest */,
			);
			name = Products;
			sourceTree = "<group>";
		};
		E53526A01EF1C33300AE911A /* moviedb */ = {
			isa = PBXGroup;
			children = (
				B09E91E01F04105400757ED0 /* Views */,
				B09E91DF1F04101700757ED0 /* Presenters */,
				B09E91DE1F040E2A00757ED0 /* ViewControllers */,
				B07FCACA1EFF03F500484344 /* Models */,
				E55317EB1EF9AD5800CEEFD6 /* Services */,
				E555FB651EF1CDCC00016D0F /* Utils */,
				E53526CF1EF1C34700AE911A /* Supporting files */,
				E53526A51EF1C33300AE911A /* Main.storyboard */,
				B07FCAC81EFF00AB00484344 /* Constants.swift */,
			);
			path = moviedb;
			sourceTree = "<group>";
		};
		E53526B51EF1C33300AE911A /* moviedbTests */ = {
			isa = PBXGroup;
			children = (
				E53526B61EF1C33300AE911A /* moviedbTests.swift */,
				E53526B81EF1C33300AE911A /* Info.plist */,
			);
			path = moviedbTests;
			sourceTree = "<group>";
		};
		E53526C01EF1C33300AE911A /* moviedbUITests */ = {
			isa = PBXGroup;
			children = (
				E53526C11EF1C33300AE911A /* moviedbUITests.swift */,
				E53526C31EF1C33300AE911A /* Info.plist */,
			);
			path = moviedbUITests;
			sourceTree = "<group>";
		};
		E53526CF1EF1C34700AE911A /* Supporting files */ = {
			isa = PBXGroup;
			children = (
				E53526A11EF1C33300AE911A /* AppDelegate.swift */,
				E53526A81EF1C33300AE911A /* Assets.xcassets */,
				E53526AA1EF1C33300AE911A /* LaunchScreen.storyboard */,
				E53526AD1EF1C33300AE911A /* Info.plist */,
				E530EE731F0AC21600FAE56C /* moviedb.xcdatamodeld */,
			);
			name = "Supporting files";
			sourceTree = "<group>";
		};
		E55317EB1EF9AD5800CEEFD6 /* Services */ = {
			isa = PBXGroup;
			children = (
				B09D40991F04406200F2A546 /* Routers */,
				B07FCAC61EFF000F00484344 /* ApiManager.swift */,
				B0194E421F06FBE6001FDB19 /* ApiManagerMoviesExtension.swift */,
				B0194E461F08375F001FDB19 /* ApiManagerGenreExtension.swift */,
			);
			name = Services;
			sourceTree = "<group>";
		};
		E555FB651EF1CDCC00016D0F /* Utils */ = {
			isa = PBXGroup;
			children = (
				B01C2FB81F0D5D9A00A2C820 /* Extensions */,
				E5B0C2551F01BED7008B5E46 /* ContentCell.xib */,
				E555FB661EF1CDD400016D0F /* MessageHandler.swift */,
				B081F7461F02C4D5009124FC /* UILoadingView.swift */,
				E5F38A361F0B04B7006A2272 /* FavCell.xib */,
				B081F7521F030F55009124FC /* GenreCell.xib */,
				B02734811F0697B7009020EF /* ImageViewUtils.swift */,
				B0194E481F084008001FDB19 /* ShareUtils.swift */,
			);
			name = Utils;
			sourceTree = "<group>";
		};
/* End PBXGroup section */

/* Begin PBXNativeTarget section */
		E535269D1EF1C33300AE911A /* moviedb */ = {
			isa = PBXNativeTarget;
			buildConfigurationList = E53526C61EF1C33300AE911A /* Build configuration list for PBXNativeTarget "moviedb" */;
			buildPhases = (
				6AE05CD6DF47B3E5DC6B58FB /* [CP] Check Pods Manifest.lock */,
				E535269A1EF1C33300AE911A /* Sources */,
				E535269B1EF1C33300AE911A /* Frameworks */,
				E535269C1EF1C33300AE911A /* Resources */,
				8F7FADF957A08D7CA2DBC721 /* [CP] Embed Pods Frameworks */,
				414774AD1236A55FD344D3A9 /* [CP] Copy Pods Resources */,
			);
			buildRules = (
			);
			dependencies = (
			);
			name = moviedb;
			productName = moviedb;
			productReference = E535269E1EF1C33300AE911A /* moviedb.app */;
			productType = "com.apple.product-type.application";
		};
		E53526B11EF1C33300AE911A /* moviedbTests */ = {
			isa = PBXNativeTarget;
			buildConfigurationList = E53526C91EF1C33300AE911A /* Build configuration list for PBXNativeTarget "moviedbTests" */;
			buildPhases = (
				E53526AE1EF1C33300AE911A /* Sources */,
				E53526AF1EF1C33300AE911A /* Frameworks */,
				E53526B01EF1C33300AE911A /* Resources */,
			);
			buildRules = (
			);
			dependencies = (
				E53526B41EF1C33300AE911A /* PBXTargetDependency */,
			);
			name = moviedbTests;
			productName = moviedbTests;
			productReference = E53526B21EF1C33300AE911A /* moviedbTests.xctest */;
			productType = "com.apple.product-type.bundle.unit-test";
		};
		E53526BC1EF1C33300AE911A /* moviedbUITests */ = {
			isa = PBXNativeTarget;
			buildConfigurationList = E53526CC1EF1C33300AE911A /* Build configuration list for PBXNativeTarget "moviedbUITests" */;
			buildPhases = (
				E53526B91EF1C33300AE911A /* Sources */,
				E53526BA1EF1C33300AE911A /* Frameworks */,
				E53526BB1EF1C33300AE911A /* Resources */,
			);
			buildRules = (
			);
			dependencies = (
				E53526BF1EF1C33300AE911A /* PBXTargetDependency */,
			);
			name = moviedbUITests;
			productName = moviedbUITests;
			productReference = E53526BD1EF1C33300AE911A /* moviedbUITests.xctest */;
			productType = "com.apple.product-type.bundle.ui-testing";
		};
/* End PBXNativeTarget section */

/* Begin PBXProject section */
		E53526961EF1C33300AE911A /* Project object */ = {
			isa = PBXProject;
			attributes = {
				LastSwiftUpdateCheck = 0830;
				LastUpgradeCheck = 0830;
				ORGANIZATIONNAME = "Maite Mañana";
				TargetAttributes = {
					E535269D1EF1C33300AE911A = {
						CreatedOnToolsVersion = 8.3.2;
						DevelopmentTeam = NSFN5T6746;
						ProvisioningStyle = Automatic;
					};
					E53526B11EF1C33300AE911A = {
						CreatedOnToolsVersion = 8.3.2;
						ProvisioningStyle = Automatic;
						TestTargetID = E535269D1EF1C33300AE911A;
					};
					E53526BC1EF1C33300AE911A = {
						CreatedOnToolsVersion = 8.3.2;
						ProvisioningStyle = Automatic;
						TestTargetID = E535269D1EF1C33300AE911A;
					};
				};
			};
			buildConfigurationList = E53526991EF1C33300AE911A /* Build configuration list for PBXProject "moviedb" */;
			compatibilityVersion = "Xcode 3.2";
			developmentRegion = English;
			hasScannedForEncodings = 0;
			knownRegions = (
				en,
				Base,
			);
			mainGroup = E53526951EF1C33300AE911A;
			productRefGroup = E535269F1EF1C33300AE911A /* Products */;
			projectDirPath = "";
			projectRoot = "";
			targets = (
				E535269D1EF1C33300AE911A /* moviedb */,
				E53526B11EF1C33300AE911A /* moviedbTests */,
				E53526BC1EF1C33300AE911A /* moviedbUITests */,
			);
		};
/* End PBXProject section */

/* Begin PBXResourcesBuildPhase section */
		E535269C1EF1C33300AE911A /* Resources */ = {
			isa = PBXResourcesBuildPhase;
			buildActionMask = 2147483647;
			files = (
				E53526AC1EF1C33300AE911A /* LaunchScreen.storyboard in Resources */,
				E5F38A381F0B04B7006A2272 /* FavCell.xib in Resources */,
				E53526A91EF1C33300AE911A /* Assets.xcassets in Resources */,
				E53526A71EF1C33300AE911A /* Main.storyboard in Resources */,
				E5B0C2561F01BED7008B5E46 /* ContentCell.xib in Resources */,
				B081F7531F030F55009124FC /* GenreCell.xib in Resources */,
			);
			runOnlyForDeploymentPostprocessing = 0;
		};
		E53526B01EF1C33300AE911A /* Resources */ = {
			isa = PBXResourcesBuildPhase;
			buildActionMask = 2147483647;
			files = (
			);
			runOnlyForDeploymentPostprocessing = 0;
		};
		E53526BB1EF1C33300AE911A /* Resources */ = {
			isa = PBXResourcesBuildPhase;
			buildActionMask = 2147483647;
			files = (
			);
			runOnlyForDeploymentPostprocessing = 0;
		};
/* End PBXResourcesBuildPhase section */

/* Begin PBXShellScriptBuildPhase section */
		414774AD1236A55FD344D3A9 /* [CP] Copy Pods Resources */ = {
			isa = PBXShellScriptBuildPhase;
			buildActionMask = 2147483647;
			files = (
			);
			inputPaths = (
			);
			name = "[CP] Copy Pods Resources";
			outputPaths = (
			);
			runOnlyForDeploymentPostprocessing = 0;
			shellPath = /bin/sh;
			shellScript = "\"${SRCROOT}/Pods/Target Support Files/Pods-moviedb/Pods-moviedb-resources.sh\"\n";
			showEnvVarsInLog = 0;
		};
		6AE05CD6DF47B3E5DC6B58FB /* [CP] Check Pods Manifest.lock */ = {
			isa = PBXShellScriptBuildPhase;
			buildActionMask = 2147483647;
			files = (
			);
			inputPaths = (
			);
			name = "[CP] Check Pods Manifest.lock";
			outputPaths = (
			);
			runOnlyForDeploymentPostprocessing = 0;
			shellPath = /bin/sh;
			shellScript = "diff \"${PODS_PODFILE_DIR_PATH}/Podfile.lock\" \"${PODS_ROOT}/Manifest.lock\" > /dev/null\nif [ $? != 0 ] ; then\n    # print error to STDERR\n    echo \"error: The sandbox is not in sync with the Podfile.lock. Run 'pod install' or update your CocoaPods installation.\" >&2\n    exit 1\nfi\n";
			showEnvVarsInLog = 0;
		};
		8F7FADF957A08D7CA2DBC721 /* [CP] Embed Pods Frameworks */ = {
			isa = PBXShellScriptBuildPhase;
			buildActionMask = 2147483647;
			files = (
			);
			inputPaths = (
			);
			name = "[CP] Embed Pods Frameworks";
			outputPaths = (
			);
			runOnlyForDeploymentPostprocessing = 0;
			shellPath = /bin/sh;
			shellScript = "\"${SRCROOT}/Pods/Target Support Files/Pods-moviedb/Pods-moviedb-frameworks.sh\"\n";
			showEnvVarsInLog = 0;
		};
/* End PBXShellScriptBuildPhase section */

/* Begin PBXSourcesBuildPhase section */
		E535269A1EF1C33300AE911A /* Sources */ = {
			isa = PBXSourcesBuildPhase;
			buildActionMask = 2147483647;
			files = (
				B0C5AFC11F03EA7200132D45 /* MovieChooserViewController.swift in Sources */,
				B09E91E51F0410B300757ED0 /* ContentDetailView.swift in Sources */,
				B09D409B1F04409500F2A546 /* Router.swift in Sources */,
				B081F7431F02BF46009124FC /* RandomChooserViewController.swift in Sources */,
				E53526A21EF1C33300AE911A /* AppDelegate.swift in Sources */,
				E5B0C2581F01BF86008B5E46 /* ContentCell.swift in Sources */,
				B081F7451F02BFAB009124FC /* RandomChooserPresenter.swift in Sources */,
				B081F7471F02C4D5009124FC /* UILoadingView.swift in Sources */,
				B081F74E1F02FBFF009124FC /* GenreCell.swift in Sources */,
				B0194E451F083699001FDB19 /* GenreRouter.swift in Sources */,
				B0194E431F06FBE6001FDB19 /* ApiManagerMoviesExtension.swift in Sources */,
				B0194E491F084008001FDB19 /* ShareUtils.swift in Sources */,
				E555FB671EF1CDD400016D0F /* MessageHandler.swift in Sources */,
				B07FCAD01EFF04D700484344 /* Movie.swift in Sources */,
				E530EE791F0ACFC900FAE56C /* FavPresenter.swift in Sources */,
				B0C5AFC31F03EA8C00132D45 /* MovieChooserPresenter.swift in Sources */,
				B0194E411F06EC9A001FDB19 /* RouterManager.swift in Sources */,
				E555FB641EF1CA9700016D0F /* HomeViewController.swift in Sources */,
				B02734821F0697B7009020EF /* ImageViewUtils.swift in Sources */,
				B09E91E31F04107400757ED0 /* RandomChooserView.swift in Sources */,
				E55317EE1EF9ADDC00CEEFD6 /* HomePresenter.swift in Sources */,
				B07FCAC91EFF00AB00484344 /* Constants.swift in Sources */,
				B081F7401F02BCFF009124FC /* GenreReport.swift in Sources */,
				E530EE751F0AC21600FAE56C /* moviedb.xcdatamodeld in Sources */,
				E530EE771F0ACF7A00FAE56C /* FavViewController.swift in Sources */,
				B07FCAC71EFF001000484344 /* ApiManager.swift in Sources */,
				B07FCAD31EFF199600484344 /* ContentDetailViewController.swift in Sources */,
				B081F73E1F02BC25009124FC /* Genre.swift in Sources */,
				B081F73A1F029096009124FC /* Video.swift in Sources */,
				B09D409D1F0440F100F2A546 /* MoviesRouter.swift in Sources */,
				B0194E3F1F06EC78001FDB19 /* BaseRouterManager.swift in Sources */,
				B081F7381F028C29009124FC /* ContentDetailPresenter.swift in Sources */,
				B01C2FBA1F0D5DD000A2C820 /* UIColorExtension.swift in Sources */,
				E530EE7B1F0AD3A300FAE56C /* FavView.swift in Sources */,
				E5F38A371F0B04B7006A2272 /* FavCell.swift in Sources */,
				B0194E471F08375F001FDB19 /* ApiManagerGenreExtension.swift in Sources */,
				B09E91E71F0410D400757ED0 /* HomeView.swift in Sources */,
				B07FCACC1EFF040C00484344 /* BaseResponse.swift in Sources */,
				B09E91E91F0410E900757ED0 /* MovieChooserView.swift in Sources */,
			);
			runOnlyForDeploymentPostprocessing = 0;
		};
		E53526AE1EF1C33300AE911A /* Sources */ = {
			isa = PBXSourcesBuildPhase;
			buildActionMask = 2147483647;
			files = (
				E53526B71EF1C33300AE911A /* moviedbTests.swift in Sources */,
			);
			runOnlyForDeploymentPostprocessing = 0;
		};
		E53526B91EF1C33300AE911A /* Sources */ = {
			isa = PBXSourcesBuildPhase;
			buildActionMask = 2147483647;
			files = (
				E53526C21EF1C33300AE911A /* moviedbUITests.swift in Sources */,
			);
			runOnlyForDeploymentPostprocessing = 0;
		};
/* End PBXSourcesBuildPhase section */

/* Begin PBXTargetDependency section */
		E53526B41EF1C33300AE911A /* PBXTargetDependency */ = {
			isa = PBXTargetDependency;
			target = E535269D1EF1C33300AE911A /* moviedb */;
			targetProxy = E53526B31EF1C33300AE911A /* PBXContainerItemProxy */;
		};
		E53526BF1EF1C33300AE911A /* PBXTargetDependency */ = {
			isa = PBXTargetDependency;
			target = E535269D1EF1C33300AE911A /* moviedb */;
			targetProxy = E53526BE1EF1C33300AE911A /* PBXContainerItemProxy */;
		};
/* End PBXTargetDependency section */

/* Begin PBXVariantGroup section */
		E53526A51EF1C33300AE911A /* Main.storyboard */ = {
			isa = PBXVariantGroup;
			children = (
				E53526A61EF1C33300AE911A /* Base */,
			);
			name = Main.storyboard;
			sourceTree = "<group>";
		};
		E53526AA1EF1C33300AE911A /* LaunchScreen.storyboard */ = {
			isa = PBXVariantGroup;
			children = (
				E53526AB1EF1C33300AE911A /* Base */,
			);
			name = LaunchScreen.storyboard;
			sourceTree = "<group>";
		};
/* End PBXVariantGroup section */

/* Begin XCBuildConfiguration section */
		E53526C41EF1C33300AE911A /* Debug */ = {
			isa = XCBuildConfiguration;
			buildSettings = {
				ALWAYS_SEARCH_USER_PATHS = NO;
				CLANG_ANALYZER_NONNULL = YES;
				CLANG_ANALYZER_NUMBER_OBJECT_CONVERSION = YES_AGGRESSIVE;
				CLANG_CXX_LANGUAGE_STANDARD = "gnu++0x";
				CLANG_CXX_LIBRARY = "libc++";
				CLANG_ENABLE_MODULES = YES;
				CLANG_ENABLE_OBJC_ARC = YES;
				CLANG_WARN_BOOL_CONVERSION = YES;
				CLANG_WARN_CONSTANT_CONVERSION = YES;
				CLANG_WARN_DIRECT_OBJC_ISA_USAGE = YES_ERROR;
				CLANG_WARN_DOCUMENTATION_COMMENTS = YES;
				CLANG_WARN_EMPTY_BODY = YES;
				CLANG_WARN_ENUM_CONVERSION = YES;
				CLANG_WARN_INFINITE_RECURSION = YES;
				CLANG_WARN_INT_CONVERSION = YES;
				CLANG_WARN_OBJC_ROOT_CLASS = YES_ERROR;
				CLANG_WARN_SUSPICIOUS_MOVE = YES;
				CLANG_WARN_UNREACHABLE_CODE = YES;
				CLANG_WARN__DUPLICATE_METHOD_MATCH = YES;
				"CODE_SIGN_IDENTITY[sdk=iphoneos*]" = "iPhone Developer";
				COPY_PHASE_STRIP = NO;
				DEBUG_INFORMATION_FORMAT = dwarf;
				ENABLE_STRICT_OBJC_MSGSEND = YES;
				ENABLE_TESTABILITY = YES;
				GCC_C_LANGUAGE_STANDARD = gnu99;
				GCC_DYNAMIC_NO_PIC = NO;
				GCC_NO_COMMON_BLOCKS = YES;
				GCC_OPTIMIZATION_LEVEL = 0;
				GCC_PREPROCESSOR_DEFINITIONS = (
					"DEBUG=1",
					"$(inherited)",
				);
				GCC_WARN_64_TO_32_BIT_CONVERSION = YES;
				GCC_WARN_ABOUT_RETURN_TYPE = YES_ERROR;
				GCC_WARN_UNDECLARED_SELECTOR = YES;
				GCC_WARN_UNINITIALIZED_AUTOS = YES_AGGRESSIVE;
				GCC_WARN_UNUSED_FUNCTION = YES;
				GCC_WARN_UNUSED_VARIABLE = YES;
				IPHONEOS_DEPLOYMENT_TARGET = 10.3;
				MTL_ENABLE_DEBUG_INFO = YES;
				ONLY_ACTIVE_ARCH = YES;
				SDKROOT = iphoneos;
				SWIFT_ACTIVE_COMPILATION_CONDITIONS = DEBUG;
				SWIFT_OPTIMIZATION_LEVEL = "-Onone";
			};
			name = Debug;
		};
		E53526C51EF1C33300AE911A /* Release */ = {
			isa = XCBuildConfiguration;
			buildSettings = {
				ALWAYS_SEARCH_USER_PATHS = NO;
				CLANG_ANALYZER_NONNULL = YES;
				CLANG_ANALYZER_NUMBER_OBJECT_CONVERSION = YES_AGGRESSIVE;
				CLANG_CXX_LANGUAGE_STANDARD = "gnu++0x";
				CLANG_CXX_LIBRARY = "libc++";
				CLANG_ENABLE_MODULES = YES;
				CLANG_ENABLE_OBJC_ARC = YES;
				CLANG_WARN_BOOL_CONVERSION = YES;
				CLANG_WARN_CONSTANT_CONVERSION = YES;
				CLANG_WARN_DIRECT_OBJC_ISA_USAGE = YES_ERROR;
				CLANG_WARN_DOCUMENTATION_COMMENTS = YES;
				CLANG_WARN_EMPTY_BODY = YES;
				CLANG_WARN_ENUM_CONVERSION = YES;
				CLANG_WARN_INFINITE_RECURSION = YES;
				CLANG_WARN_INT_CONVERSION = YES;
				CLANG_WARN_OBJC_ROOT_CLASS = YES_ERROR;
				CLANG_WARN_SUSPICIOUS_MOVE = YES;
				CLANG_WARN_UNREACHABLE_CODE = YES;
				CLANG_WARN__DUPLICATE_METHOD_MATCH = YES;
				"CODE_SIGN_IDENTITY[sdk=iphoneos*]" = "iPhone Developer";
				COPY_PHASE_STRIP = NO;
				DEBUG_INFORMATION_FORMAT = "dwarf-with-dsym";
				ENABLE_NS_ASSERTIONS = NO;
				ENABLE_STRICT_OBJC_MSGSEND = YES;
				GCC_C_LANGUAGE_STANDARD = gnu99;
				GCC_NO_COMMON_BLOCKS = YES;
				GCC_WARN_64_TO_32_BIT_CONVERSION = YES;
				GCC_WARN_ABOUT_RETURN_TYPE = YES_ERROR;
				GCC_WARN_UNDECLARED_SELECTOR = YES;
				GCC_WARN_UNINITIALIZED_AUTOS = YES_AGGRESSIVE;
				GCC_WARN_UNUSED_FUNCTION = YES;
				GCC_WARN_UNUSED_VARIABLE = YES;
				IPHONEOS_DEPLOYMENT_TARGET = 10.3;
				MTL_ENABLE_DEBUG_INFO = NO;
				SDKROOT = iphoneos;
				SWIFT_OPTIMIZATION_LEVEL = "-Owholemodule";
				VALIDATE_PRODUCT = YES;
			};
			name = Release;
		};
		E53526C71EF1C33300AE911A /* Debug */ = {
			isa = XCBuildConfiguration;
			baseConfigurationReference = B68F6D8F731C3D655A610BF2 /* Pods-moviedb.debug.xcconfig */;
			buildSettings = {
				ASSETCATALOG_COMPILER_APPICON_NAME = AppIcon;
				DEVELOPMENT_TEAM = NSFN5T6746;
				INFOPLIST_FILE = moviedb/Info.plist;
				LD_RUNPATH_SEARCH_PATHS = "$(inherited) @executable_path/Frameworks";
				PRODUCT_BUNDLE_IDENTIFIER = com.workshop.ios.moviedb;
				PRODUCT_NAME = "$(TARGET_NAME)";
				SWIFT_VERSION = 3.0;
			};
			name = Debug;
		};
		E53526C81EF1C33300AE911A /* Release */ = {
			isa = XCBuildConfiguration;
			baseConfigurationReference = 90AFE19B0318BDC7EF1C18AC /* Pods-moviedb.release.xcconfig */;
			buildSettings = {
				ASSETCATALOG_COMPILER_APPICON_NAME = AppIcon;
				DEVELOPMENT_TEAM = NSFN5T6746;
				INFOPLIST_FILE = moviedb/Info.plist;
				LD_RUNPATH_SEARCH_PATHS = "$(inherited) @executable_path/Frameworks";
				PRODUCT_BUNDLE_IDENTIFIER = com.workshop.ios.moviedb;
				PRODUCT_NAME = "$(TARGET_NAME)";
				SWIFT_VERSION = 3.0;
			};
			name = Release;
		};
		E53526CA1EF1C33300AE911A /* Debug */ = {
			isa = XCBuildConfiguration;
			buildSettings = {
				ALWAYS_EMBED_SWIFT_STANDARD_LIBRARIES = YES;
				BUNDLE_LOADER = "$(TEST_HOST)";
				INFOPLIST_FILE = moviedbTests/Info.plist;
				LD_RUNPATH_SEARCH_PATHS = "$(inherited) @executable_path/Frameworks @loader_path/Frameworks";
				PRODUCT_BUNDLE_IDENTIFIER = com.workshop.ios.moviedbTests;
				PRODUCT_NAME = "$(TARGET_NAME)";
				SWIFT_VERSION = 3.0;
				TEST_HOST = "$(BUILT_PRODUCTS_DIR)/moviedb.app/moviedb";
			};
			name = Debug;
		};
		E53526CB1EF1C33300AE911A /* Release */ = {
			isa = XCBuildConfiguration;
			buildSettings = {
				ALWAYS_EMBED_SWIFT_STANDARD_LIBRARIES = YES;
				BUNDLE_LOADER = "$(TEST_HOST)";
				INFOPLIST_FILE = moviedbTests/Info.plist;
				LD_RUNPATH_SEARCH_PATHS = "$(inherited) @executable_path/Frameworks @loader_path/Frameworks";
				PRODUCT_BUNDLE_IDENTIFIER = com.workshop.ios.moviedbTests;
				PRODUCT_NAME = "$(TARGET_NAME)";
				SWIFT_VERSION = 3.0;
				TEST_HOST = "$(BUILT_PRODUCTS_DIR)/moviedb.app/moviedb";
			};
			name = Release;
		};
		E53526CD1EF1C33300AE911A /* Debug */ = {
			isa = XCBuildConfiguration;
			buildSettings = {
				ALWAYS_EMBED_SWIFT_STANDARD_LIBRARIES = YES;
				INFOPLIST_FILE = moviedbUITests/Info.plist;
				LD_RUNPATH_SEARCH_PATHS = "$(inherited) @executable_path/Frameworks @loader_path/Frameworks";
				PRODUCT_BUNDLE_IDENTIFIER = com.workshop.ios.moviedbUITests;
				PRODUCT_NAME = "$(TARGET_NAME)";
				SWIFT_VERSION = 3.0;
				TEST_TARGET_NAME = moviedb;
			};
			name = Debug;
		};
		E53526CE1EF1C33300AE911A /* Release */ = {
			isa = XCBuildConfiguration;
			buildSettings = {
				ALWAYS_EMBED_SWIFT_STANDARD_LIBRARIES = YES;
				INFOPLIST_FILE = moviedbUITests/Info.plist;
				LD_RUNPATH_SEARCH_PATHS = "$(inherited) @executable_path/Frameworks @loader_path/Frameworks";
				PRODUCT_BUNDLE_IDENTIFIER = com.workshop.ios.moviedbUITests;
				PRODUCT_NAME = "$(TARGET_NAME)";
				SWIFT_VERSION = 3.0;
				TEST_TARGET_NAME = moviedb;
			};
			name = Release;
		};
/* End XCBuildConfiguration section */

/* Begin XCConfigurationList section */
		E53526991EF1C33300AE911A /* Build configuration list for PBXProject "moviedb" */ = {
			isa = XCConfigurationList;
			buildConfigurations = (
				E53526C41EF1C33300AE911A /* Debug */,
				E53526C51EF1C33300AE911A /* Release */,
			);
			defaultConfigurationIsVisible = 0;
			defaultConfigurationName = Release;
		};
		E53526C61EF1C33300AE911A /* Build configuration list for PBXNativeTarget "moviedb" */ = {
			isa = XCConfigurationList;
			buildConfigurations = (
				E53526C71EF1C33300AE911A /* Debug */,
				E53526C81EF1C33300AE911A /* Release */,
			);
			defaultConfigurationIsVisible = 0;
			defaultConfigurationName = Release;
		};
		E53526C91EF1C33300AE911A /* Build configuration list for PBXNativeTarget "moviedbTests" */ = {
			isa = XCConfigurationList;
			buildConfigurations = (
				E53526CA1EF1C33300AE911A /* Debug */,
				E53526CB1EF1C33300AE911A /* Release */,
			);
			defaultConfigurationIsVisible = 0;
			defaultConfigurationName = Release;
		};
		E53526CC1EF1C33300AE911A /* Build configuration list for PBXNativeTarget "moviedbUITests" */ = {
			isa = XCConfigurationList;
			buildConfigurations = (
				E53526CD1EF1C33300AE911A /* Debug */,
				E53526CE1EF1C33300AE911A /* Release */,
			);
			defaultConfigurationIsVisible = 0;
			defaultConfigurationName = Release;
		};
/* End XCConfigurationList section */

/* Begin XCVersionGroup section */
		E530EE731F0AC21600FAE56C /* moviedb.xcdatamodeld */ = {
			isa = XCVersionGroup;
			children = (
				E58855751F0C888500C252A4 /* moviedb 2.xcdatamodel */,
				E530EE741F0AC21600FAE56C /* moviedb.xcdatamodel */,
			);
			currentVersion = E58855751F0C888500C252A4 /* moviedb 2.xcdatamodel */;
			path = moviedb.xcdatamodeld;
			sourceTree = "<group>";
			versionGroupType = wrapper.xcdatamodel;
		};
/* End XCVersionGroup section */
	};
	rootObject = E53526961EF1C33300AE911A /* Project object */;
}
